// !$*UTF8*$!
{
	archiveVersion = 1;
	classes = {
	};
	objectVersion = 77;
	objects = {

/* Begin PBXBuildFile section */
		4A021F082CD18F3F00D9C615 /* LoginView.swift in Sources */ = {isa = PBXBuildFile; fileRef = 4A021F042CD18F3F00D9C615 /* LoginView.swift */; };
		4A021F092CD18F3F00D9C615 /* LoginViewController.swift in Sources */ = {isa = PBXBuildFile; fileRef = 4A021F052CD18F3F00D9C615 /* LoginViewController.swift */; };
		4A021F0A2CD18F3F00D9C615 /* UserModel.swift in Sources */ = {isa = PBXBuildFile; fileRef = 4A021F062CD18F3F00D9C615 /* UserModel.swift */; };
		4A021F0E2CD18F4300D9C615 /* TaskView.swift in Sources */ = {isa = PBXBuildFile; fileRef = 4A021F0B2CD18F4300D9C615 /* TaskView.swift */; };
		4A021F0F2CD18F4300D9C615 /* TaskViewController.swift in Sources */ = {isa = PBXBuildFile; fileRef = 4A021F0C2CD18F4300D9C615 /* TaskViewController.swift */; };
		4A021F132CD18F4C00D9C615 /* UserDefaultsLoginManager.swift in Sources */ = {isa = PBXBuildFile; fileRef = 4A021F102CD18F4C00D9C615 /* UserDefaultsLoginManager.swift */; };
		4A021F142CD18F4C00D9C615 /* UserDefaultsLoginManagerProtocol.swift in Sources */ = {isa = PBXBuildFile; fileRef = 4A021F112CD18F4C00D9C615 /* UserDefaultsLoginManagerProtocol.swift */; };
		4A021F172CD18FEB00D9C615 /* CoordinatorProtocol.swift in Sources */ = {isa = PBXBuildFile; fileRef = 4A021F162CD18FDE00D9C615 /* CoordinatorProtocol.swift */; };
		4A021F192CD1902000D9C615 /* AppCoordinator.swift in Sources */ = {isa = PBXBuildFile; fileRef = 4A021F182CD1901B00D9C615 /* AppCoordinator.swift */; };
		4A021F1C2CD25C0A00D9C615 /* TaskCell.swift in Sources */ = {isa = PBXBuildFile; fileRef = 4A021F1B2CD25C0300D9C615 /* TaskCell.swift */; };
		4A021F1E2CD2648900D9C615 /* GoogleService-Info.plist in Resources */ = {isa = PBXBuildFile; fileRef = 4A021F1D2CD2648900D9C615 /* GoogleService-Info.plist */; };
		4A021F212CD2668400D9C615 /* FirebaseAnalytics in Frameworks */ = {isa = PBXBuildFile; productRef = 4A021F202CD2668400D9C615 /* FirebaseAnalytics */; };
		4A021F232CD2668400D9C615 /* FirebaseAuth in Frameworks */ = {isa = PBXBuildFile; productRef = 4A021F222CD2668400D9C615 /* FirebaseAuth */; };
		4A021F252CD2668400D9C615 /* FirebaseCore in Frameworks */ = {isa = PBXBuildFile; productRef = 4A021F242CD2668400D9C615 /* FirebaseCore */; };
		4A021F272CD2668400D9C615 /* FirebaseCrashlytics in Frameworks */ = {isa = PBXBuildFile; productRef = 4A021F262CD2668400D9C615 /* FirebaseCrashlytics */; };
		4A021F292CD2668400D9C615 /* FirebaseDatabase in Frameworks */ = {isa = PBXBuildFile; productRef = 4A021F282CD2668400D9C615 /* FirebaseDatabase */; };
		4A021F2B2CD2668400D9C615 /* FirebaseFirestore in Frameworks */ = {isa = PBXBuildFile; productRef = 4A021F2A2CD2668400D9C615 /* FirebaseFirestore */; };
		4A021F2D2CD2CBEC00D9C615 /* KeyboardManager.swift in Sources */ = {isa = PBXBuildFile; fileRef = 4A021F2C2CD2CBDE00D9C615 /* KeyboardManager.swift */; };
		4A49B91E2CE688700027FBD5 /* ToastView.swift in Sources */ = {isa = PBXBuildFile; fileRef = 4A49B91D2CE688650027FBD5 /* ToastView.swift */; };
		4ACD381B2CBBD7AC0054E037 /* SnapKit in Frameworks */ = {isa = PBXBuildFile; productRef = 4ACD381A2CBBD7AC0054E037 /* SnapKit */; };
		4ACD38642CBEB3E90054E037 /* AppDelegate.swift in Sources */ = {isa = PBXBuildFile; fileRef = 4ACD38552CBEB3E90054E037 /* AppDelegate.swift */; };
		4ACD38652CBEB3E90054E037 /* SceneDelegate.swift in Sources */ = {isa = PBXBuildFile; fileRef = 4ACD38562CBEB3E90054E037 /* SceneDelegate.swift */; };
		4ACD38672CBEB3E90054E037 /* FloatingLabelTextField.swift in Sources */ = {isa = PBXBuildFile; fileRef = 4ACD385A2CBEB3E90054E037 /* FloatingLabelTextField.swift */; };
		4ACD38692CBEB3E90054E037 /* Assets.xcassets in Resources */ = {isa = PBXBuildFile; fileRef = 4ACD385C2CBEB3E90054E037 /* Assets.xcassets */; };
		4ACD386B2CBEB3E90054E037 /* LaunchScreen.storyboard in Resources */ = {isa = PBXBuildFile; fileRef = 4ACD385F2CBEB3E90054E037 /* LaunchScreen.storyboard */; };
/* End PBXBuildFile section */

/* Begin PBXContainerItemProxy section */
		4ACD37D32CB73E050054E037 /* PBXContainerItemProxy */ = {
			isa = PBXContainerItemProxy;
			containerPortal = 4ACD37B42CB73E030054E037 /* Project object */;
			proxyType = 1;
			remoteGlobalIDString = 4ACD37BB2CB73E030054E037;
			remoteInfo = LoginIn;
		};
		4ACD37DD2CB73E050054E037 /* PBXContainerItemProxy */ = {
			isa = PBXContainerItemProxy;
			containerPortal = 4ACD37B42CB73E030054E037 /* Project object */;
			proxyType = 1;
			remoteGlobalIDString = 4ACD37BB2CB73E030054E037;
			remoteInfo = LoginIn;
		};
/* End PBXContainerItemProxy section */

/* Begin PBXFileReference section */
		4A021F042CD18F3F00D9C615 /* LoginView.swift */ = {isa = PBXFileReference; lastKnownFileType = sourcecode.swift; path = LoginView.swift; sourceTree = "<group>"; };
		4A021F052CD18F3F00D9C615 /* LoginViewController.swift */ = {isa = PBXFileReference; lastKnownFileType = sourcecode.swift; path = LoginViewController.swift; sourceTree = "<group>"; };
		4A021F062CD18F3F00D9C615 /* UserModel.swift */ = {isa = PBXFileReference; lastKnownFileType = sourcecode.swift; path = UserModel.swift; sourceTree = "<group>"; };
		4A021F0B2CD18F4300D9C615 /* TaskView.swift */ = {isa = PBXFileReference; lastKnownFileType = sourcecode.swift; path = TaskView.swift; sourceTree = "<group>"; };
		4A021F0C2CD18F4300D9C615 /* TaskViewController.swift */ = {isa = PBXFileReference; lastKnownFileType = sourcecode.swift; path = TaskViewController.swift; sourceTree = "<group>"; };
		4A021F102CD18F4C00D9C615 /* UserDefaultsLoginManager.swift */ = {isa = PBXFileReference; lastKnownFileType = sourcecode.swift; path = UserDefaultsLoginManager.swift; sourceTree = "<group>"; };
		4A021F112CD18F4C00D9C615 /* UserDefaultsLoginManagerProtocol.swift */ = {isa = PBXFileReference; lastKnownFileType = sourcecode.swift; path = UserDefaultsLoginManagerProtocol.swift; sourceTree = "<group>"; };
		4A021F162CD18FDE00D9C615 /* CoordinatorProtocol.swift */ = {isa = PBXFileReference; lastKnownFileType = sourcecode.swift; path = CoordinatorProtocol.swift; sourceTree = "<group>"; };
		4A021F182CD1901B00D9C615 /* AppCoordinator.swift */ = {isa = PBXFileReference; lastKnownFileType = sourcecode.swift; path = AppCoordinator.swift; sourceTree = "<group>"; };
		4A021F1B2CD25C0300D9C615 /* TaskCell.swift */ = {isa = PBXFileReference; lastKnownFileType = sourcecode.swift; path = TaskCell.swift; sourceTree = "<group>"; };
		4A021F1D2CD2648900D9C615 /* GoogleService-Info.plist */ = {isa = PBXFileReference; lastKnownFileType = text.plist.xml; path = "GoogleService-Info.plist"; sourceTree = "<group>"; };
		4A021F2C2CD2CBDE00D9C615 /* KeyboardManager.swift */ = {isa = PBXFileReference; lastKnownFileType = sourcecode.swift; path = KeyboardManager.swift; sourceTree = "<group>"; };
		4A49B91D2CE688650027FBD5 /* ToastView.swift */ = {isa = PBXFileReference; lastKnownFileType = sourcecode.swift; path = ToastView.swift; sourceTree = "<group>"; };
		4ACD37BC2CB73E030054E037 /* LoginIn.app */ = {isa = PBXFileReference; explicitFileType = wrapper.application; includeInIndex = 0; path = LoginIn.app; sourceTree = BUILT_PRODUCTS_DIR; };
		4ACD37D22CB73E050054E037 /* LoginInTests.xctest */ = {isa = PBXFileReference; explicitFileType = wrapper.cfbundle; includeInIndex = 0; path = LoginInTests.xctest; sourceTree = BUILT_PRODUCTS_DIR; };
		4ACD37DC2CB73E050054E037 /* LoginInUITests.xctest */ = {isa = PBXFileReference; explicitFileType = wrapper.cfbundle; includeInIndex = 0; path = LoginInUITests.xctest; sourceTree = BUILT_PRODUCTS_DIR; };
		4ACD38552CBEB3E90054E037 /* AppDelegate.swift */ = {isa = PBXFileReference; lastKnownFileType = sourcecode.swift; path = AppDelegate.swift; sourceTree = "<group>"; };
		4ACD38562CBEB3E90054E037 /* SceneDelegate.swift */ = {isa = PBXFileReference; lastKnownFileType = sourcecode.swift; path = SceneDelegate.swift; sourceTree = "<group>"; };
		4ACD385A2CBEB3E90054E037 /* FloatingLabelTextField.swift */ = {isa = PBXFileReference; lastKnownFileType = sourcecode.swift; path = FloatingLabelTextField.swift; sourceTree = "<group>"; };
		4ACD385C2CBEB3E90054E037 /* Assets.xcassets */ = {isa = PBXFileReference; lastKnownFileType = folder.assetcatalog; path = Assets.xcassets; sourceTree = "<group>"; };
		4ACD385D2CBEB3E90054E037 /* Info.plist */ = {isa = PBXFileReference; lastKnownFileType = text.plist.xml; path = Info.plist; sourceTree = "<group>"; };
		4ACD385E2CBEB3E90054E037 /* Base */ = {isa = PBXFileReference; lastKnownFileType = file.storyboard; name = Base; path = Base.lproj/LaunchScreen.storyboard; sourceTree = "<group>"; };
/* End PBXFileReference section */

/* Begin PBXFileSystemSynchronizedRootGroup section */
		4ACD37D52CB73E050054E037 /* LoginInTests */ = {
			isa = PBXFileSystemSynchronizedRootGroup;
			path = LoginInTests;
			sourceTree = "<group>";
		};
		4ACD37DF2CB73E050054E037 /* LoginInUITests */ = {
			isa = PBXFileSystemSynchronizedRootGroup;
			path = LoginInUITests;
			sourceTree = "<group>";
		};
/* End PBXFileSystemSynchronizedRootGroup section */

/* Begin PBXFrameworksBuildPhase section */
		4ACD37B92CB73E030054E037 /* Frameworks */ = {
			isa = PBXFrameworksBuildPhase;
			buildActionMask = 2147483647;
			files = (
				4A021F292CD2668400D9C615 /* FirebaseDatabase in Frameworks */,
				4A021F212CD2668400D9C615 /* FirebaseAnalytics in Frameworks */,
				4A021F232CD2668400D9C615 /* FirebaseAuth in Frameworks */,
				4A021F272CD2668400D9C615 /* FirebaseCrashlytics in Frameworks */,
				4A021F252CD2668400D9C615 /* FirebaseCore in Frameworks */,
				4ACD381B2CBBD7AC0054E037 /* SnapKit in Frameworks */,
				4A021F2B2CD2668400D9C615 /* FirebaseFirestore in Frameworks */,
			);
			runOnlyForDeploymentPostprocessing = 0;
		};
		4ACD37CF2CB73E050054E037 /* Frameworks */ = {
			isa = PBXFrameworksBuildPhase;
			buildActionMask = 2147483647;
			files = (
			);
			runOnlyForDeploymentPostprocessing = 0;
		};
		4ACD37D92CB73E050054E037 /* Frameworks */ = {
			isa = PBXFrameworksBuildPhase;
			buildActionMask = 2147483647;
			files = (
			);
			runOnlyForDeploymentPostprocessing = 0;
		};
/* End PBXFrameworksBuildPhase section */

/* Begin PBXGroup section */
		4A021F072CD18F3F00D9C615 /* LoginMVC */ = {
			isa = PBXGroup;
			children = (
				4A021F042CD18F3F00D9C615 /* LoginView.swift */,
				4A021F052CD18F3F00D9C615 /* LoginViewController.swift */,
				4A021F062CD18F3F00D9C615 /* UserModel.swift */,
			);
			path = LoginMVC;
			sourceTree = "<group>";
		};
		4A021F0D2CD18F4300D9C615 /* TaskMVC */ = {
			isa = PBXGroup;
			children = (
				4A021F0B2CD18F4300D9C615 /* TaskView.swift */,
				4A021F0C2CD18F4300D9C615 /* TaskViewController.swift */,
				4A021F1A2CD25BF900D9C615 /* Cell */,
			);
			path = TaskMVC;
			sourceTree = "<group>";
		};
		4A021F122CD18F4C00D9C615 /* Services */ = {
			isa = PBXGroup;
			children = (
				4A021F2C2CD2CBDE00D9C615 /* KeyboardManager.swift */,
				4A021F102CD18F4C00D9C615 /* UserDefaultsLoginManager.swift */,
				4A021F112CD18F4C00D9C615 /* UserDefaultsLoginManagerProtocol.swift */,
			);
			path = Services;
			sourceTree = "<group>";
		};
		4A021F152CD18FD100D9C615 /* Coordinator */ = {
			isa = PBXGroup;
			children = (
				4A021F162CD18FDE00D9C615 /* CoordinatorProtocol.swift */,
				4A021F182CD1901B00D9C615 /* AppCoordinator.swift */,
			);
			path = Coordinator;
			sourceTree = "<group>";
		};
		4A021F1A2CD25BF900D9C615 /* Cell */ = {
			isa = PBXGroup;
			children = (
				4A021F1B2CD25C0300D9C615 /* TaskCell.swift */,
			);
			path = Cell;
			sourceTree = "<group>";
		};
		4ACD37B32CB73E030054E037 = {
			isa = PBXGroup;
			children = (
				4ACD38632CBEB3E90054E037 /* LoginIn */,
				4ACD37D52CB73E050054E037 /* LoginInTests */,
				4ACD37DF2CB73E050054E037 /* LoginInUITests */,
				4ACD38192CBBD7AC0054E037 /* Frameworks */,
				4ACD37BD2CB73E030054E037 /* Products */,
			);
			sourceTree = "<group>";
		};
		4ACD37BD2CB73E030054E037 /* Products */ = {
			isa = PBXGroup;
			children = (
				4ACD37BC2CB73E030054E037 /* LoginIn.app */,
				4ACD37D22CB73E050054E037 /* LoginInTests.xctest */,
				4ACD37DC2CB73E050054E037 /* LoginInUITests.xctest */,
			);
			name = Products;
			sourceTree = "<group>";
		};
		4ACD38192CBBD7AC0054E037 /* Frameworks */ = {
			isa = PBXGroup;
			children = (
			);
			name = Frameworks;
			sourceTree = "<group>";
		};
		4ACD38572CBEB3E90054E037 /* AppDelegate */ = {
			isa = PBXGroup;
			children = (
				4ACD38552CBEB3E90054E037 /* AppDelegate.swift */,
				4ACD38562CBEB3E90054E037 /* SceneDelegate.swift */,
			);
			path = AppDelegate;
			sourceTree = "<group>";
		};
		4ACD385B2CBEB3E90054E037 /* CustomViews */ = {
			isa = PBXGroup;
			children = (
				4A49B91D2CE688650027FBD5 /* ToastView.swift */,
				4ACD385A2CBEB3E90054E037 /* FloatingLabelTextField.swift */,
			);
			path = CustomViews;
			sourceTree = "<group>";
		};
		4ACD38602CBEB3E90054E037 /* Resources */ = {
			isa = PBXGroup;
			children = (
				4A021F1D2CD2648900D9C615 /* GoogleService-Info.plist */,
				4ACD385C2CBEB3E90054E037 /* Assets.xcassets */,
				4ACD385D2CBEB3E90054E037 /* Info.plist */,
				4ACD385F2CBEB3E90054E037 /* LaunchScreen.storyboard */,
			);
			path = Resources;
			sourceTree = "<group>";
		};
		4ACD38632CBEB3E90054E037 /* LoginIn */ = {
			isa = PBXGroup;
			children = (
				4ACD38572CBEB3E90054E037 /* AppDelegate */,
				4A021F152CD18FD100D9C615 /* Coordinator */,
				4A021F072CD18F3F00D9C615 /* LoginMVC */,
				4A021F0D2CD18F4300D9C615 /* TaskMVC */,
				4ACD385B2CBEB3E90054E037 /* CustomViews */,
				4A021F122CD18F4C00D9C615 /* Services */,
				4ACD38602CBEB3E90054E037 /* Resources */,
			);
			path = LoginIn;
			sourceTree = "<group>";
		};
/* End PBXGroup section */

/* Begin PBXNativeTarget section */
		4ACD37BB2CB73E030054E037 /* LoginIn */ = {
			isa = PBXNativeTarget;
			buildConfigurationList = 4ACD37E52CB73E050054E037 /* Build configuration list for PBXNativeTarget "LoginIn" */;
			buildPhases = (
				4ACD37B82CB73E030054E037 /* Sources */,
				4ACD37B92CB73E030054E037 /* Frameworks */,
				4ACD37BA2CB73E030054E037 /* Resources */,
			);
			buildRules = (
			);
			dependencies = (
			);
			name = LoginIn;
			packageProductDependencies = (
				4ACD381A2CBBD7AC0054E037 /* SnapKit */,
				4A021F202CD2668400D9C615 /* FirebaseAnalytics */,
				4A021F222CD2668400D9C615 /* FirebaseAuth */,
				4A021F242CD2668400D9C615 /* FirebaseCore */,
				4A021F262CD2668400D9C615 /* FirebaseCrashlytics */,
				4A021F282CD2668400D9C615 /* FirebaseDatabase */,
				4A021F2A2CD2668400D9C615 /* FirebaseFirestore */,
			);
			productName = LoginIn;
			productReference = 4ACD37BC2CB73E030054E037 /* LoginIn.app */;
			productType = "com.apple.product-type.application";
		};
		4ACD37D12CB73E050054E037 /* LoginInTests */ = {
			isa = PBXNativeTarget;
			buildConfigurationList = 4ACD37EA2CB73E050054E037 /* Build configuration list for PBXNativeTarget "LoginInTests" */;
			buildPhases = (
				4ACD37CE2CB73E050054E037 /* Sources */,
				4ACD37CF2CB73E050054E037 /* Frameworks */,
				4ACD37D02CB73E050054E037 /* Resources */,
			);
			buildRules = (
			);
			dependencies = (
				4ACD37D42CB73E050054E037 /* PBXTargetDependency */,
			);
			fileSystemSynchronizedGroups = (
				4ACD37D52CB73E050054E037 /* LoginInTests */,
			);
			name = LoginInTests;
			packageProductDependencies = (
			);
			productName = LoginInTests;
			productReference = 4ACD37D22CB73E050054E037 /* LoginInTests.xctest */;
			productType = "com.apple.product-type.bundle.unit-test";
		};
		4ACD37DB2CB73E050054E037 /* LoginInUITests */ = {
			isa = PBXNativeTarget;
			buildConfigurationList = 4ACD37ED2CB73E050054E037 /* Build configuration list for PBXNativeTarget "LoginInUITests" */;
			buildPhases = (
				4ACD37D82CB73E050054E037 /* Sources */,
				4ACD37D92CB73E050054E037 /* Frameworks */,
				4ACD37DA2CB73E050054E037 /* Resources */,
			);
			buildRules = (
			);
			dependencies = (
				4ACD37DE2CB73E050054E037 /* PBXTargetDependency */,
			);
			fileSystemSynchronizedGroups = (
				4ACD37DF2CB73E050054E037 /* LoginInUITests */,
			);
			name = LoginInUITests;
			packageProductDependencies = (
			);
			productName = LoginInUITests;
			productReference = 4ACD37DC2CB73E050054E037 /* LoginInUITests.xctest */;
			productType = "com.apple.product-type.bundle.ui-testing";
		};
/* End PBXNativeTarget section */

/* Begin PBXProject section */
		4ACD37B42CB73E030054E037 /* Project object */ = {
			isa = PBXProject;
			attributes = {
				BuildIndependentTargetsInParallel = 1;
				LastSwiftUpdateCheck = 1600;
				LastUpgradeCheck = 1600;
				TargetAttributes = {
					4ACD37BB2CB73E030054E037 = {
						CreatedOnToolsVersion = 16.0;
					};
					4ACD37D12CB73E050054E037 = {
						CreatedOnToolsVersion = 16.0;
						TestTargetID = 4ACD37BB2CB73E030054E037;
					};
					4ACD37DB2CB73E050054E037 = {
						CreatedOnToolsVersion = 16.0;
						TestTargetID = 4ACD37BB2CB73E030054E037;
					};
				};
			};
			buildConfigurationList = 4ACD37B72CB73E030054E037 /* Build configuration list for PBXProject "LoginIn" */;
			developmentRegion = en;
			hasScannedForEncodings = 0;
			knownRegions = (
				en,
				Base,
			);
			mainGroup = 4ACD37B32CB73E030054E037;
			minimizedProjectReferenceProxies = 1;
			packageReferences = (
				4ACD38002CBBD42F0054E037 /* XCRemoteSwiftPackageReference "SnapKit" */,
				4A021F1F2CD2668400D9C615 /* XCRemoteSwiftPackageReference "firebase-ios-sdk" */,
				4A49B9102CE3B7C60027FBD5 /* XCRemoteSwiftPackageReference "SwiftMessages" */,
			);
			preferredProjectObjectVersion = 77;
			productRefGroup = 4ACD37BD2CB73E030054E037 /* Products */;
			projectDirPath = "";
			projectRoot = "";
			targets = (
				4ACD37BB2CB73E030054E037 /* LoginIn */,
				4ACD37D12CB73E050054E037 /* LoginInTests */,
				4ACD37DB2CB73E050054E037 /* LoginInUITests */,
			);
		};
/* End PBXProject section */

/* Begin PBXResourcesBuildPhase section */
		4ACD37BA2CB73E030054E037 /* Resources */ = {
			isa = PBXResourcesBuildPhase;
			buildActionMask = 2147483647;
			files = (
				4ACD38692CBEB3E90054E037 /* Assets.xcassets in Resources */,
				4ACD386B2CBEB3E90054E037 /* LaunchScreen.storyboard in Resources */,
				4A021F1E2CD2648900D9C615 /* GoogleService-Info.plist in Resources */,
			);
			runOnlyForDeploymentPostprocessing = 0;
		};
		4ACD37D02CB73E050054E037 /* Resources */ = {
			isa = PBXResourcesBuildPhase;
			buildActionMask = 2147483647;
			files = (
			);
			runOnlyForDeploymentPostprocessing = 0;
		};
		4ACD37DA2CB73E050054E037 /* Resources */ = {
			isa = PBXResourcesBuildPhase;
			buildActionMask = 2147483647;
			files = (
			);
			runOnlyForDeploymentPostprocessing = 0;
		};
/* End PBXResourcesBuildPhase section */

/* Begin PBXSourcesBuildPhase section */
		4ACD37B82CB73E030054E037 /* Sources */ = {
			isa = PBXSourcesBuildPhase;
			buildActionMask = 2147483647;
			files = (
				4A021F192CD1902000D9C615 /* AppCoordinator.swift in Sources */,
				4ACD38642CBEB3E90054E037 /* AppDelegate.swift in Sources */,
				4ACD38652CBEB3E90054E037 /* SceneDelegate.swift in Sources */,
				4A021F082CD18F3F00D9C615 /* LoginView.swift in Sources */,
				4A49B91E2CE688700027FBD5 /* ToastView.swift in Sources */,
				4A021F092CD18F3F00D9C615 /* LoginViewController.swift in Sources */,
				4A021F0A2CD18F3F00D9C615 /* UserModel.swift in Sources */,
				4A021F0E2CD18F4300D9C615 /* TaskView.swift in Sources */,
				4A021F172CD18FEB00D9C615 /* CoordinatorProtocol.swift in Sources */,
				4A021F0F2CD18F4300D9C615 /* TaskViewController.swift in Sources */,
				4ACD38672CBEB3E90054E037 /* FloatingLabelTextField.swift in Sources */,
				4A021F132CD18F4C00D9C615 /* UserDefaultsLoginManager.swift in Sources */,
				4A021F1C2CD25C0A00D9C615 /* TaskCell.swift in Sources */,
				4A021F2D2CD2CBEC00D9C615 /* KeyboardManager.swift in Sources */,
				4A021F142CD18F4C00D9C615 /* UserDefaultsLoginManagerProtocol.swift in Sources */,
			);
			runOnlyForDeploymentPostprocessing = 0;
		};
		4ACD37CE2CB73E050054E037 /* Sources */ = {
			isa = PBXSourcesBuildPhase;
			buildActionMask = 2147483647;
			files = (
			);
			runOnlyForDeploymentPostprocessing = 0;
		};
		4ACD37D82CB73E050054E037 /* Sources */ = {
			isa = PBXSourcesBuildPhase;
			buildActionMask = 2147483647;
			files = (
			);
			runOnlyForDeploymentPostprocessing = 0;
		};
/* End PBXSourcesBuildPhase section */

/* Begin PBXTargetDependency section */
		4ACD37D42CB73E050054E037 /* PBXTargetDependency */ = {
			isa = PBXTargetDependency;
			target = 4ACD37BB2CB73E030054E037 /* LoginIn */;
			targetProxy = 4ACD37D32CB73E050054E037 /* PBXContainerItemProxy */;
		};
		4ACD37DE2CB73E050054E037 /* PBXTargetDependency */ = {
			isa = PBXTargetDependency;
			target = 4ACD37BB2CB73E030054E037 /* LoginIn */;
			targetProxy = 4ACD37DD2CB73E050054E037 /* PBXContainerItemProxy */;
		};
/* End PBXTargetDependency section */

/* Begin PBXVariantGroup section */
		4ACD385F2CBEB3E90054E037 /* LaunchScreen.storyboard */ = {
			isa = PBXVariantGroup;
			children = (
				4ACD385E2CBEB3E90054E037 /* Base */,
			);
			name = LaunchScreen.storyboard;
			sourceTree = "<group>";
		};
/* End PBXVariantGroup section */

/* Begin XCBuildConfiguration section */
		4ACD37E62CB73E050054E037 /* Debug */ = {
			isa = XCBuildConfiguration;
			buildSettings = {
				ASSETCATALOG_COMPILER_APPICON_NAME = AppIcon;
				ASSETCATALOG_COMPILER_GLOBAL_ACCENT_COLOR_NAME = AccentColor;
				CODE_SIGN_IDENTITY = "Apple Development";
				CODE_SIGN_STYLE = Automatic;
				CURRENT_PROJECT_VERSION = 1;
				DEVELOPMENT_TEAM = 7PUJF8P767;
				GENERATE_INFOPLIST_FILE = YES;
				INFOPLIST_FILE = LoginIn/Resources/Info.plist;
				INFOPLIST_KEY_UIApplicationSupportsIndirectInputEvents = YES;
				INFOPLIST_KEY_UILaunchStoryboardName = LaunchScreen;
				INFOPLIST_KEY_UISupportedInterfaceOrientations_iPad = "UIInterfaceOrientationPortrait UIInterfaceOrientationPortraitUpsideDown UIInterfaceOrientationLandscapeLeft UIInterfaceOrientationLandscapeRight";
				INFOPLIST_KEY_UISupportedInterfaceOrientations_iPhone = "UIInterfaceOrientationPortrait UIInterfaceOrientationLandscapeLeft UIInterfaceOrientationLandscapeRight";
				LD_RUNPATH_SEARCH_PATHS = (
					"$(inherited)",
					"@executable_path/Frameworks",
				);
				MARKETING_VERSION = 1.0;
				PRODUCT_BUNDLE_IDENTIFIER = com.maybert.LoginIn;
				PRODUCT_NAME = "$(TARGET_NAME)";
				PROVISIONING_PROFILE_SPECIFIER = "";
				SWIFT_EMIT_LOC_STRINGS = YES;
				SWIFT_VERSION = 5.0;
				TARGETED_DEVICE_FAMILY = "1,2";
			};
			name = Debug;
		};
		4ACD37E72CB73E050054E037 /* Release */ = {
			isa = XCBuildConfiguration;
			buildSettings = {
				ASSETCATALOG_COMPILER_APPICON_NAME = AppIcon;
				ASSETCATALOG_COMPILER_GLOBAL_ACCENT_COLOR_NAME = AccentColor;
				CODE_SIGN_IDENTITY = "Apple Development";
				CODE_SIGN_STYLE = Automatic;
				CURRENT_PROJECT_VERSION = 1;
				DEVELOPMENT_TEAM = 7PUJF8P767;
				GENERATE_INFOPLIST_FILE = YES;
				INFOPLIST_FILE = LoginIn/Resources/Info.plist;
				INFOPLIST_KEY_UIApplicationSupportsIndirectInputEvents = YES;
				INFOPLIST_KEY_UILaunchStoryboardName = LaunchScreen;
				INFOPLIST_KEY_UISupportedInterfaceOrientations_iPad = "UIInterfaceOrientationPortrait UIInterfaceOrientationPortraitUpsideDown UIInterfaceOrientationLandscapeLeft UIInterfaceOrientationLandscapeRight";
				INFOPLIST_KEY_UISupportedInterfaceOrientations_iPhone = "UIInterfaceOrientationPortrait UIInterfaceOrientationLandscapeLeft UIInterfaceOrientationLandscapeRight";
				LD_RUNPATH_SEARCH_PATHS = (
					"$(inherited)",
					"@executable_path/Frameworks",
				);
				MARKETING_VERSION = 1.0;
				PRODUCT_BUNDLE_IDENTIFIER = com.maybert.LoginIn;
				PRODUCT_NAME = "$(TARGET_NAME)";
				PROVISIONING_PROFILE_SPECIFIER = "";
				SWIFT_EMIT_LOC_STRINGS = YES;
				SWIFT_VERSION = 5.0;
				TARGETED_DEVICE_FAMILY = "1,2";
			};
			name = Release;
		};
		4ACD37E82CB73E050054E037 /* Debug */ = {
			isa = XCBuildConfiguration;
			buildSettings = {
				ALWAYS_SEARCH_USER_PATHS = NO;
				ASSETCATALOG_COMPILER_GENERATE_SWIFT_ASSET_SYMBOL_EXTENSIONS = YES;
				CLANG_ANALYZER_NONNULL = YES;
				CLANG_ANALYZER_NUMBER_OBJECT_CONVERSION = YES_AGGRESSIVE;
				CLANG_CXX_LANGUAGE_STANDARD = "gnu++20";
				CLANG_ENABLE_MODULES = YES;
				CLANG_ENABLE_OBJC_ARC = YES;
				CLANG_ENABLE_OBJC_WEAK = YES;
				CLANG_WARN_BLOCK_CAPTURE_AUTORELEASING = YES;
				CLANG_WARN_BOOL_CONVERSION = YES;
				CLANG_WARN_COMMA = YES;
				CLANG_WARN_CONSTANT_CONVERSION = YES;
				CLANG_WARN_DEPRECATED_OBJC_IMPLEMENTATIONS = YES;
				CLANG_WARN_DIRECT_OBJC_ISA_USAGE = YES_ERROR;
				CLANG_WARN_DOCUMENTATION_COMMENTS = YES;
				CLANG_WARN_EMPTY_BODY = YES;
				CLANG_WARN_ENUM_CONVERSION = YES;
				CLANG_WARN_INFINITE_RECURSION = YES;
				CLANG_WARN_INT_CONVERSION = YES;
				CLANG_WARN_NON_LITERAL_NULL_CONVERSION = YES;
				CLANG_WARN_OBJC_IMPLICIT_RETAIN_SELF = YES;
				CLANG_WARN_OBJC_LITERAL_CONVERSION = YES;
				CLANG_WARN_OBJC_ROOT_CLASS = YES_ERROR;
				CLANG_WARN_QUOTED_INCLUDE_IN_FRAMEWORK_HEADER = YES;
				CLANG_WARN_RANGE_LOOP_ANALYSIS = YES;
				CLANG_WARN_STRICT_PROTOTYPES = YES;
				CLANG_WARN_SUSPICIOUS_MOVE = YES;
				CLANG_WARN_UNGUARDED_AVAILABILITY = YES_AGGRESSIVE;
				CLANG_WARN_UNREACHABLE_CODE = YES;
				CLANG_WARN__DUPLICATE_METHOD_MATCH = YES;
				COPY_PHASE_STRIP = NO;
				DEBUG_INFORMATION_FORMAT = dwarf;
				ENABLE_STRICT_OBJC_MSGSEND = YES;
				ENABLE_TESTABILITY = YES;
				ENABLE_USER_SCRIPT_SANDBOXING = YES;
				GCC_C_LANGUAGE_STANDARD = gnu17;
				GCC_DYNAMIC_NO_PIC = NO;
				GCC_NO_COMMON_BLOCKS = YES;
				GCC_OPTIMIZATION_LEVEL = 0;
				GCC_PREPROCESSOR_DEFINITIONS = (
					"DEBUG=1",
					"$(inherited)",
				);
				GCC_WARN_64_TO_32_BIT_CONVERSION = YES;
				GCC_WARN_ABOUT_RETURN_TYPE = YES_ERROR;
				GCC_WARN_UNDECLARED_SELECTOR = YES;
				GCC_WARN_UNINITIALIZED_AUTOS = YES_AGGRESSIVE;
				GCC_WARN_UNUSED_FUNCTION = YES;
				GCC_WARN_UNUSED_VARIABLE = YES;
				INFOPLIST_FILE = Resources/Info.plist;
				IPHONEOS_DEPLOYMENT_TARGET = 18.0;
				LOCALIZATION_PREFERS_STRING_CATALOGS = YES;
				MTL_ENABLE_DEBUG_INFO = INCLUDE_SOURCE;
				MTL_FAST_MATH = YES;
				ONLY_ACTIVE_ARCH = YES;
				SDKROOT = iphoneos;
				SWIFT_ACTIVE_COMPILATION_CONDITIONS = "DEBUG $(inherited)";
				SWIFT_OPTIMIZATION_LEVEL = "-Onone";
			};
			name = Debug;
		};
		4ACD37E92CB73E050054E037 /* Release */ = {
			isa = XCBuildConfiguration;
			buildSettings = {
				ALWAYS_SEARCH_USER_PATHS = NO;
				ASSETCATALOG_COMPILER_GENERATE_SWIFT_ASSET_SYMBOL_EXTENSIONS = YES;
				CLANG_ANALYZER_NONNULL = YES;
				CLANG_ANALYZER_NUMBER_OBJECT_CONVERSION = YES_AGGRESSIVE;
				CLANG_CXX_LANGUAGE_STANDARD = "gnu++20";
				CLANG_ENABLE_MODULES = YES;
				CLANG_ENABLE_OBJC_ARC = YES;
				CLANG_ENABLE_OBJC_WEAK = YES;
				CLANG_WARN_BLOCK_CAPTURE_AUTORELEASING = YES;
				CLANG_WARN_BOOL_CONVERSION = YES;
				CLANG_WARN_COMMA = YES;
				CLANG_WARN_CONSTANT_CONVERSION = YES;
				CLANG_WARN_DEPRECATED_OBJC_IMPLEMENTATIONS = YES;
				CLANG_WARN_DIRECT_OBJC_ISA_USAGE = YES_ERROR;
				CLANG_WARN_DOCUMENTATION_COMMENTS = YES;
				CLANG_WARN_EMPTY_BODY = YES;
				CLANG_WARN_ENUM_CONVERSION = YES;
				CLANG_WARN_INFINITE_RECURSION = YES;
				CLANG_WARN_INT_CONVERSION = YES;
				CLANG_WARN_NON_LITERAL_NULL_CONVERSION = YES;
				CLANG_WARN_OBJC_IMPLICIT_RETAIN_SELF = YES;
				CLANG_WARN_OBJC_LITERAL_CONVERSION = YES;
				CLANG_WARN_OBJC_ROOT_CLASS = YES_ERROR;
				CLANG_WARN_QUOTED_INCLUDE_IN_FRAMEWORK_HEADER = YES;
				CLANG_WARN_RANGE_LOOP_ANALYSIS = YES;
				CLANG_WARN_STRICT_PROTOTYPES = YES;
				CLANG_WARN_SUSPICIOUS_MOVE = YES;
				CLANG_WARN_UNGUARDED_AVAILABILITY = YES_AGGRESSIVE;
				CLANG_WARN_UNREACHABLE_CODE = YES;
				CLANG_WARN__DUPLICATE_METHOD_MATCH = YES;
				COPY_PHASE_STRIP = NO;
				DEBUG_INFORMATION_FORMAT = "dwarf-with-dsym";
				ENABLE_NS_ASSERTIONS = NO;
				ENABLE_STRICT_OBJC_MSGSEND = YES;
				ENABLE_USER_SCRIPT_SANDBOXING = YES;
				GCC_C_LANGUAGE_STANDARD = gnu17;
				GCC_NO_COMMON_BLOCKS = YES;
				GCC_WARN_64_TO_32_BIT_CONVERSION = YES;
				GCC_WARN_ABOUT_RETURN_TYPE = YES_ERROR;
				GCC_WARN_UNDECLARED_SELECTOR = YES;
				GCC_WARN_UNINITIALIZED_AUTOS = YES_AGGRESSIVE;
				GCC_WARN_UNUSED_FUNCTION = YES;
				GCC_WARN_UNUSED_VARIABLE = YES;
				INFOPLIST_FILE = Resources/Info.plist;
				IPHONEOS_DEPLOYMENT_TARGET = 18.0;
				LOCALIZATION_PREFERS_STRING_CATALOGS = YES;
				MTL_ENABLE_DEBUG_INFO = NO;
				MTL_FAST_MATH = YES;
				SDKROOT = iphoneos;
				SWIFT_COMPILATION_MODE = wholemodule;
				VALIDATE_PRODUCT = YES;
			};
			name = Release;
		};
		4ACD37EB2CB73E050054E037 /* Debug */ = {
			isa = XCBuildConfiguration;
			buildSettings = {
				BUNDLE_LOADER = "$(TEST_HOST)";
				CODE_SIGN_STYLE = Automatic;
				CURRENT_PROJECT_VERSION = 1;
				DEVELOPMENT_TEAM = 7PUJF8P767;
				GENERATE_INFOPLIST_FILE = YES;
				IPHONEOS_DEPLOYMENT_TARGET = 18.0;
				MARKETING_VERSION = 1.0;
				PRODUCT_BUNDLE_IDENTIFIER = com.maybert.LoginInTests;
				PRODUCT_NAME = "$(TARGET_NAME)";
				SWIFT_EMIT_LOC_STRINGS = NO;
				SWIFT_VERSION = 5.0;
				TARGETED_DEVICE_FAMILY = "1,2";
				TEST_HOST = "$(BUILT_PRODUCTS_DIR)/LoginIn.app/$(BUNDLE_EXECUTABLE_FOLDER_PATH)/LoginIn";
			};
			name = Debug;
		};
		4ACD37EC2CB73E050054E037 /* Release */ = {
			isa = XCBuildConfiguration;
			buildSettings = {
				BUNDLE_LOADER = "$(TEST_HOST)";
				CODE_SIGN_STYLE = Automatic;
				CURRENT_PROJECT_VERSION = 1;
				DEVELOPMENT_TEAM = 7PUJF8P767;
				GENERATE_INFOPLIST_FILE = YES;
				IPHONEOS_DEPLOYMENT_TARGET = 18.0;
				MARKETING_VERSION = 1.0;
				PRODUCT_BUNDLE_IDENTIFIER = com.maybert.LoginInTests;
				PRODUCT_NAME = "$(TARGET_NAME)";
				SWIFT_EMIT_LOC_STRINGS = NO;
				SWIFT_VERSION = 5.0;
				TARGETED_DEVICE_FAMILY = "1,2";
				TEST_HOST = "$(BUILT_PRODUCTS_DIR)/LoginIn.app/$(BUNDLE_EXECUTABLE_FOLDER_PATH)/LoginIn";
			};
			name = Release;
		};
		4ACD37EE2CB73E050054E037 /* Debug */ = {
			isa = XCBuildConfiguration;
			buildSettings = {
				CODE_SIGN_STYLE = Automatic;
				CURRENT_PROJECT_VERSION = 1;
				DEVELOPMENT_TEAM = 7PUJF8P767;
				GENERATE_INFOPLIST_FILE = YES;
				MARKETING_VERSION = 1.0;
				PRODUCT_BUNDLE_IDENTIFIER = com.maybert.LoginInUITests;
				PRODUCT_NAME = "$(TARGET_NAME)";
				SWIFT_EMIT_LOC_STRINGS = NO;
				SWIFT_VERSION = 5.0;
				TARGETED_DEVICE_FAMILY = "1,2";
				TEST_TARGET_NAME = LoginIn;
			};
			name = Debug;
		};
		4ACD37EF2CB73E050054E037 /* Release */ = {
			isa = XCBuildConfiguration;
			buildSettings = {
				CODE_SIGN_STYLE = Automatic;
				CURRENT_PROJECT_VERSION = 1;
				DEVELOPMENT_TEAM = 7PUJF8P767;
				GENERATE_INFOPLIST_FILE = YES;
				MARKETING_VERSION = 1.0;
				PRODUCT_BUNDLE_IDENTIFIER = com.maybert.LoginInUITests;
				PRODUCT_NAME = "$(TARGET_NAME)";
				SWIFT_EMIT_LOC_STRINGS = NO;
				SWIFT_VERSION = 5.0;
				TARGETED_DEVICE_FAMILY = "1,2";
				TEST_TARGET_NAME = LoginIn;
			};
			name = Release;
		};
/* End XCBuildConfiguration section */

/* Begin XCConfigurationList section */
		4ACD37B72CB73E030054E037 /* Build configuration list for PBXProject "LoginIn" */ = {
			isa = XCConfigurationList;
			buildConfigurations = (
				4ACD37E82CB73E050054E037 /* Debug */,
				4ACD37E92CB73E050054E037 /* Release */,
			);
			defaultConfigurationIsVisible = 0;
			defaultConfigurationName = Release;
		};
		4ACD37E52CB73E050054E037 /* Build configuration list for PBXNativeTarget "LoginIn" */ = {
			isa = XCConfigurationList;
			buildConfigurations = (
				4ACD37E62CB73E050054E037 /* Debug */,
				4ACD37E72CB73E050054E037 /* Release */,
			);
			defaultConfigurationIsVisible = 0;
			defaultConfigurationName = Release;
		};
		4ACD37EA2CB73E050054E037 /* Build configuration list for PBXNativeTarget "LoginInTests" */ = {
			isa = XCConfigurationList;
			buildConfigurations = (
				4ACD37EB2CB73E050054E037 /* Debug */,
				4ACD37EC2CB73E050054E037 /* Release */,
			);
			defaultConfigurationIsVisible = 0;
			defaultConfigurationName = Release;
		};
		4ACD37ED2CB73E050054E037 /* Build configuration list for PBXNativeTarget "LoginInUITests" */ = {
			isa = XCConfigurationList;
			buildConfigurations = (
				4ACD37EE2CB73E050054E037 /* Debug */,
				4ACD37EF2CB73E050054E037 /* Release */,
			);
			defaultConfigurationIsVisible = 0;
			defaultConfigurationName = Release;
		};
/* End XCConfigurationList section */

/* Begin XCRemoteSwiftPackageReference section */
		4A021F1F2CD2668400D9C615 /* XCRemoteSwiftPackageReference "firebase-ios-sdk" */ = {
			isa = XCRemoteSwiftPackageReference;
			repositoryURL = "https://github.com/firebase/firebase-ios-sdk";
			requirement = {
				kind = upToNextMajorVersion;
				minimumVersion = 11.4.0;
			};
		};
		4A49B9102CE3B7C60027FBD5 /* XCRemoteSwiftPackageReference "SwiftMessages" */ = {
			isa = XCRemoteSwiftPackageReference;
			repositoryURL = "https://github.com/SwiftKickMobile/SwiftMessages";
			requirement = {
				kind = upToNextMajorVersion;
				minimumVersion = 10.0.1;
			};
		};
		4ACD38002CBBD42F0054E037 /* XCRemoteSwiftPackageReference "SnapKit" */ = {
			isa = XCRemoteSwiftPackageReference;
			repositoryURL = "https://github.com/SnapKit/SnapKit.git";
			requirement = {
				kind = upToNextMajorVersion;
				minimumVersion = 5.7.1;
			};
		};
/* End XCRemoteSwiftPackageReference section */

/* Begin XCSwiftPackageProductDependency section */
		4A021F202CD2668400D9C615 /* FirebaseAnalytics */ = {
			isa = XCSwiftPackageProductDependency;
			package = 4A021F1F2CD2668400D9C615 /* XCRemoteSwiftPackageReference "firebase-ios-sdk" */;
			productName = FirebaseAnalytics;
		};
		4A021F222CD2668400D9C615 /* FirebaseAuth */ = {
			isa = XCSwiftPackageProductDependency;
			package = 4A021F1F2CD2668400D9C615 /* XCRemoteSwiftPackageReference "firebase-ios-sdk" */;
			productName = FirebaseAuth;
		};
		4A021F242CD2668400D9C615 /* FirebaseCore */ = {
			isa = XCSwiftPackageProductDependency;
			package = 4A021F1F2CD2668400D9C615 /* XCRemoteSwiftPackageReference "firebase-ios-sdk" */;
			productName = FirebaseCore;
		};
		4A021F262CD2668400D9C615 /* FirebaseCrashlytics */ = {
			isa = XCSwiftPackageProductDependency;
			package = 4A021F1F2CD2668400D9C615 /* XCRemoteSwiftPackageReference "firebase-ios-sdk" */;
			productName = FirebaseCrashlytics;
		};
		4A021F282CD2668400D9C615 /* FirebaseDatabase */ = {
			isa = XCSwiftPackageProductDependency;
			package = 4A021F1F2CD2668400D9C615 /* XCRemoteSwiftPackageReference "firebase-ios-sdk" */;
			productName = FirebaseDatabase;
		};
		4A021F2A2CD2668400D9C615 /* FirebaseFirestore */ = {
			isa = XCSwiftPackageProductDependency;
			package = 4A021F1F2CD2668400D9C615 /* XCRemoteSwiftPackageReference "firebase-ios-sdk" */;
			productName = FirebaseFirestore;
		};
		4ACD381A2CBBD7AC0054E037 /* SnapKit */ = {
			isa = XCSwiftPackageProductDependency;
			package = 4ACD38002CBBD42F0054E037 /* XCRemoteSwiftPackageReference "SnapKit" */;
			productName = SnapKit;
		};
/* End XCSwiftPackageProductDependency section */
	};
	rootObject = 4ACD37B42CB73E030054E037 /* Project object */;
}
